// !$*UTF8*$!
{
	archiveVersion = 1;
	classes = {
	};
	objectVersion = 51;
	objects = {

/* Begin PBXBuildFile section */
		69551255AFE2E622CD69784A /* Pods_NewsApp.framework in Frameworks */ = {isa = PBXBuildFile; fileRef = 0FF745CF1C34F51C086DA0BE /* Pods_NewsApp.framework */; };
		D3039951244557D000F23F9A /* AppDelegate.swift in Sources */ = {isa = PBXBuildFile; fileRef = D3039950244557D000F23F9A /* AppDelegate.swift */; };
		D3039953244557D000F23F9A /* SceneDelegate.swift in Sources */ = {isa = PBXBuildFile; fileRef = D3039952244557D000F23F9A /* SceneDelegate.swift */; };
		D3039958244557D000F23F9A /* Main.storyboard in Resources */ = {isa = PBXBuildFile; fileRef = D3039956244557D000F23F9A /* Main.storyboard */; };
		D303995A244557D200F23F9A /* Assets.xcassets in Resources */ = {isa = PBXBuildFile; fileRef = D3039959244557D200F23F9A /* Assets.xcassets */; };
		D303995D244557D200F23F9A /* LaunchScreen.storyboard in Resources */ = {isa = PBXBuildFile; fileRef = D303995B244557D200F23F9A /* LaunchScreen.storyboard */; };
		D30399652445673900F23F9A /* ArticleCell.swift in Sources */ = {isa = PBXBuildFile; fileRef = D30399642445673900F23F9A /* ArticleCell.swift */; };
		D303996724456B8100F23F9A /* ArticleNewsViewController.swift in Sources */ = {isa = PBXBuildFile; fileRef = D303996624456B8100F23F9A /* ArticleNewsViewController.swift */; };
		D303996924456C4000F23F9A /* Article.swift in Sources */ = {isa = PBXBuildFile; fileRef = D303996824456C4000F23F9A /* Article.swift */; };
		D303996D2445B1AD00F23F9A /* WebArticleViewController.swift in Sources */ = {isa = PBXBuildFile; fileRef = D303996C2445B1AD00F23F9A /* WebArticleViewController.swift */; };
		D303997A2446B1C000F23F9A /* SourceCell.swift in Sources */ = {isa = PBXBuildFile; fileRef = D30399792446B1C000F23F9A /* SourceCell.swift */; };
		D303997D2446B48900F23F9A /* SourceNewsViewController.swift in Sources */ = {isa = PBXBuildFile; fileRef = D303997C2446B48900F23F9A /* SourceNewsViewController.swift */; };
		D30399802446BA7C00F23F9A /* Source.swift in Sources */ = {isa = PBXBuildFile; fileRef = D303997F2446BA7C00F23F9A /* Source.swift */; };
		D30399852446D47B00F23F9A /* CategoryNewsViewController.swift in Sources */ = {isa = PBXBuildFile; fileRef = D30399842446D47B00F23F9A /* CategoryNewsViewController.swift */; };
		D36D62872446E57D001D3EFF /* Category.swift in Sources */ = {isa = PBXBuildFile; fileRef = D36D62862446E57D001D3EFF /* Category.swift */; };
		D37FF02E244703010000E018 /* CategoryCell.swift in Sources */ = {isa = PBXBuildFile; fileRef = D37FF02C244703010000E018 /* CategoryCell.swift */; };
		D37FF02F244703010000E018 /* CategoryCell.xib in Resources */ = {isa = PBXBuildFile; fileRef = D37FF02D244703010000E018 /* CategoryCell.xib */; };
/* End PBXBuildFile section */

/* Begin PBXFileReference section */
		0FF745CF1C34F51C086DA0BE /* Pods_NewsApp.framework */ = {isa = PBXFileReference; explicitFileType = wrapper.framework; includeInIndex = 0; path = Pods_NewsApp.framework; sourceTree = BUILT_PRODUCTS_DIR; };
		34DFAB580732816E4D34A414 /* Pods-NewsApp.debug.xcconfig */ = {isa = PBXFileReference; includeInIndex = 1; lastKnownFileType = text.xcconfig; name = "Pods-NewsApp.debug.xcconfig"; path = "Target Support Files/Pods-NewsApp/Pods-NewsApp.debug.xcconfig"; sourceTree = "<group>"; };
		A3561FF8C2481440E0E76C80 /* Pods-NewsApp.release.xcconfig */ = {isa = PBXFileReference; includeInIndex = 1; lastKnownFileType = text.xcconfig; name = "Pods-NewsApp.release.xcconfig"; path = "Target Support Files/Pods-NewsApp/Pods-NewsApp.release.xcconfig"; sourceTree = "<group>"; };
		D303994D244557D000F23F9A /* NewsApp.app */ = {isa = PBXFileReference; explicitFileType = wrapper.application; includeInIndex = 0; path = NewsApp.app; sourceTree = BUILT_PRODUCTS_DIR; };
		D3039950244557D000F23F9A /* AppDelegate.swift */ = {isa = PBXFileReference; lastKnownFileType = sourcecode.swift; path = AppDelegate.swift; sourceTree = "<group>"; };
		D3039952244557D000F23F9A /* SceneDelegate.swift */ = {isa = PBXFileReference; lastKnownFileType = sourcecode.swift; path = SceneDelegate.swift; sourceTree = "<group>"; };
		D3039957244557D000F23F9A /* Base */ = {isa = PBXFileReference; lastKnownFileType = file.storyboard; name = Base; path = Base.lproj/Main.storyboard; sourceTree = "<group>"; };
		D3039959244557D200F23F9A /* Assets.xcassets */ = {isa = PBXFileReference; lastKnownFileType = folder.assetcatalog; path = Assets.xcassets; sourceTree = "<group>"; };
		D303995C244557D200F23F9A /* Base */ = {isa = PBXFileReference; lastKnownFileType = file.storyboard; name = Base; path = Base.lproj/LaunchScreen.storyboard; sourceTree = "<group>"; };
		D303995E244557D200F23F9A /* Info.plist */ = {isa = PBXFileReference; lastKnownFileType = text.plist.xml; path = Info.plist; sourceTree = "<group>"; };
		D30399642445673900F23F9A /* ArticleCell.swift */ = {isa = PBXFileReference; lastKnownFileType = sourcecode.swift; path = ArticleCell.swift; sourceTree = "<group>"; };
		D303996624456B8100F23F9A /* ArticleNewsViewController.swift */ = {isa = PBXFileReference; lastKnownFileType = sourcecode.swift; path = ArticleNewsViewController.swift; sourceTree = "<group>"; };
		D303996824456C4000F23F9A /* Article.swift */ = {isa = PBXFileReference; lastKnownFileType = sourcecode.swift; path = Article.swift; sourceTree = "<group>"; };
		D303996C2445B1AD00F23F9A /* WebArticleViewController.swift */ = {isa = PBXFileReference; lastKnownFileType = sourcecode.swift; path = WebArticleViewController.swift; sourceTree = "<group>"; };
		D30399792446B1C000F23F9A /* SourceCell.swift */ = {isa = PBXFileReference; lastKnownFileType = sourcecode.swift; path = SourceCell.swift; sourceTree = "<group>"; };
		D303997C2446B48900F23F9A /* SourceNewsViewController.swift */ = {isa = PBXFileReference; lastKnownFileType = sourcecode.swift; path = SourceNewsViewController.swift; sourceTree = "<group>"; };
		D303997F2446BA7C00F23F9A /* Source.swift */ = {isa = PBXFileReference; lastKnownFileType = sourcecode.swift; path = Source.swift; sourceTree = "<group>"; };
		D30399842446D47B00F23F9A /* CategoryNewsViewController.swift */ = {isa = PBXFileReference; lastKnownFileType = sourcecode.swift; path = CategoryNewsViewController.swift; sourceTree = "<group>"; };
		D36D62862446E57D001D3EFF /* Category.swift */ = {isa = PBXFileReference; lastKnownFileType = sourcecode.swift; path = Category.swift; sourceTree = "<group>"; };
		D37FF02C244703010000E018 /* CategoryCell.swift */ = {isa = PBXFileReference; lastKnownFileType = sourcecode.swift; path = CategoryCell.swift; sourceTree = "<group>"; };
		D37FF02D244703010000E018 /* CategoryCell.xib */ = {isa = PBXFileReference; lastKnownFileType = file.xib; path = CategoryCell.xib; sourceTree = "<group>"; };
/* End PBXFileReference section */

/* Begin PBXFrameworksBuildPhase section */
		D303994A244557D000F23F9A /* Frameworks */ = {
			isa = PBXFrameworksBuildPhase;
			buildActionMask = 2147483647;
			files = (
				69551255AFE2E622CD69784A /* Pods_NewsApp.framework in Frameworks */,
			);
			runOnlyForDeploymentPostprocessing = 0;
		};
/* End PBXFrameworksBuildPhase section */

/* Begin PBXGroup section */
		0A664BE60CBA768E4F03069C /* Pods */ = {
			isa = PBXGroup;
			children = (
				34DFAB580732816E4D34A414 /* Pods-NewsApp.debug.xcconfig */,
				A3561FF8C2481440E0E76C80 /* Pods-NewsApp.release.xcconfig */,
			);
			path = Pods;
			sourceTree = "<group>";
		};
		4D100B1D6392E62AB657CC39 /* Frameworks */ = {
			isa = PBXGroup;
			children = (
				0FF745CF1C34F51C086DA0BE /* Pods_NewsApp.framework */,
			);
			name = Frameworks;
			sourceTree = "<group>";
		};
		D3039944244557D000F23F9A = {
			isa = PBXGroup;
			children = (
				D303994F244557D000F23F9A /* NewsApp */,
				D303994E244557D000F23F9A /* Products */,
				0A664BE60CBA768E4F03069C /* Pods */,
				4D100B1D6392E62AB657CC39 /* Frameworks */,
			);
			sourceTree = "<group>";
		};
		D303994E244557D000F23F9A /* Products */ = {
			isa = PBXGroup;
			children = (
				D303994D244557D000F23F9A /* NewsApp.app */,
			);
			name = Products;
			sourceTree = "<group>";
		};
		D303994F244557D000F23F9A /* NewsApp */ = {
			isa = PBXGroup;
			children = (
				D3039950244557D000F23F9A /* AppDelegate.swift */,
				D3039952244557D000F23F9A /* SceneDelegate.swift */,
				D3039956244557D000F23F9A /* Main.storyboard */,
				D30399722445C4F300F23F9A /* Controller */,
				D30399712445C4EE00F23F9A /* View */,
				D30399702445C4E800F23F9A /* Model */,
				D3039959244557D200F23F9A /* Assets.xcassets */,
				D303995B244557D200F23F9A /* LaunchScreen.storyboard */,
				D303995E244557D200F23F9A /* Info.plist */,
			);
			path = NewsApp;
			sourceTree = "<group>";
		};
		D30399702445C4E800F23F9A /* Model */ = {
			isa = PBXGroup;
			children = (
				D36D62882446E585001D3EFF /* CategoryModel */,
				D303997624469C8D00F23F9A /* SourceModel */,
				D30399742445C51D00F23F9A /* ArticleModel */,
			);
			path = Model;
			sourceTree = "<group>";
		};
		D30399712445C4EE00F23F9A /* View */ = {
			isa = PBXGroup;
			children = (
				D30399832446D29000F23F9A /* CategoryView */,
				D303997B2446B1C700F23F9A /* SourceView */,
				D30399752445C53100F23F9A /* ArticleView */,
			);
			path = View;
			sourceTree = "<group>";
		};
		D30399722445C4F300F23F9A /* Controller */ = {
			isa = PBXGroup;
			children = (
				D30399862446D48000F23F9A /* CategoryController */,
				D303997E2446B48F00F23F9A /* SourceController */,
				D30399732445C4FD00F23F9A /* ArticleController */,
			);
			path = Controller;
			sourceTree = "<group>";
		};
		D30399732445C4FD00F23F9A /* ArticleController */ = {
			isa = PBXGroup;
			children = (
				D303996624456B8100F23F9A /* ArticleNewsViewController.swift */,
				D303996C2445B1AD00F23F9A /* WebArticleViewController.swift */,
			);
			path = ArticleController;
			sourceTree = "<group>";
		};
		D30399742445C51D00F23F9A /* ArticleModel */ = {
			isa = PBXGroup;
			children = (
				D303996824456C4000F23F9A /* Article.swift */,
			);
			path = ArticleModel;
			sourceTree = "<group>";
		};
		D30399752445C53100F23F9A /* ArticleView */ = {
			isa = PBXGroup;
			children = (
				D30399642445673900F23F9A /* ArticleCell.swift */,
			);
			path = ArticleView;
			sourceTree = "<group>";
		};
		D303997624469C8D00F23F9A /* SourceModel */ = {
			isa = PBXGroup;
			children = (
				D303997F2446BA7C00F23F9A /* Source.swift */,
			);
			path = SourceModel;
			sourceTree = "<group>";
		};
		D303997B2446B1C700F23F9A /* SourceView */ = {
			isa = PBXGroup;
			children = (
				D30399792446B1C000F23F9A /* SourceCell.swift */,
			);
			path = SourceView;
			sourceTree = "<group>";
		};
		D303997E2446B48F00F23F9A /* SourceController */ = {
			isa = PBXGroup;
			children = (
				D303997C2446B48900F23F9A /* SourceNewsViewController.swift */,
			);
			path = SourceController;
			sourceTree = "<group>";
		};
		D30399832446D29000F23F9A /* CategoryView */ = {
			isa = PBXGroup;
			children = (
				D37FF02C244703010000E018 /* CategoryCell.swift */,
				D37FF02D244703010000E018 /* CategoryCell.xib */,
			);
			path = CategoryView;
			sourceTree = "<group>";
		};
		D30399862446D48000F23F9A /* CategoryController */ = {
			isa = PBXGroup;
			children = (
				D30399842446D47B00F23F9A /* CategoryNewsViewController.swift */,
			);
			path = CategoryController;
			sourceTree = "<group>";
		};
		D36D62882446E585001D3EFF /* CategoryModel */ = {
			isa = PBXGroup;
			children = (
				D36D62862446E57D001D3EFF /* Category.swift */,
			);
			path = CategoryModel;
			sourceTree = "<group>";
		};
/* End PBXGroup section */

/* Begin PBXNativeTarget section */
		D303994C244557D000F23F9A /* NewsApp */ = {
			isa = PBXNativeTarget;
			buildConfigurationList = D3039961244557D200F23F9A /* Build configuration list for PBXNativeTarget "NewsApp" */;
			buildPhases = (
				C1617411B059E10ACC8DBA84 /* [CP] Check Pods Manifest.lock */,
				D3039949244557D000F23F9A /* Sources */,
				D303994A244557D000F23F9A /* Frameworks */,
				D303994B244557D000F23F9A /* Resources */,
				4609E3B7B24074D537ED64A7 /* [CP] Embed Pods Frameworks */,
			);
			buildRules = (
			);
			dependencies = (
			);
			name = NewsApp;
			productName = NewsApp;
			productReference = D303994D244557D000F23F9A /* NewsApp.app */;
			productType = "com.apple.product-type.application";
		};
/* End PBXNativeTarget section */

/* Begin PBXProject section */
		D3039945244557D000F23F9A /* Project object */ = {
			isa = PBXProject;
			attributes = {
				LastSwiftUpdateCheck = 1140;
				LastUpgradeCheck = 1140;
				ORGANIZATIONNAME = "Georgius Yoga Dewantama";
				TargetAttributes = {
					D303994C244557D000F23F9A = {
						CreatedOnToolsVersion = 11.4;
					};
				};
			};
			buildConfigurationList = D3039948244557D000F23F9A /* Build configuration list for PBXProject "NewsApp" */;
			compatibilityVersion = "Xcode 9.3";
			developmentRegion = en;
			hasScannedForEncodings = 0;
			knownRegions = (
				en,
				Base,
			);
			mainGroup = D3039944244557D000F23F9A;
			productRefGroup = D303994E244557D000F23F9A /* Products */;
			projectDirPath = "";
			projectRoot = "";
			targets = (
				D303994C244557D000F23F9A /* NewsApp */,
			);
		};
/* End PBXProject section */

/* Begin PBXResourcesBuildPhase section */
		D303994B244557D000F23F9A /* Resources */ = {
			isa = PBXResourcesBuildPhase;
			buildActionMask = 2147483647;
			files = (
				D303995D244557D200F23F9A /* LaunchScreen.storyboard in Resources */,
				D303995A244557D200F23F9A /* Assets.xcassets in Resources */,
				D3039958244557D000F23F9A /* Main.storyboard in Resources */,
				D37FF02F244703010000E018 /* CategoryCell.xib in Resources */,
			);
			runOnlyForDeploymentPostprocessing = 0;
		};
/* End PBXResourcesBuildPhase section */

/* Begin PBXShellScriptBuildPhase section */
		4609E3B7B24074D537ED64A7 /* [CP] Embed Pods Frameworks */ = {
			isa = PBXShellScriptBuildPhase;
			buildActionMask = 2147483647;
			files = (
			);
			inputFileListPaths = (
				"${PODS_ROOT}/Target Support Files/Pods-NewsApp/Pods-NewsApp-frameworks-${CONFIGURATION}-input-files.xcfilelist",
			);
			name = "[CP] Embed Pods Frameworks";
			outputFileListPaths = (
				"${PODS_ROOT}/Target Support Files/Pods-NewsApp/Pods-NewsApp-frameworks-${CONFIGURATION}-output-files.xcfilelist",
			);
			runOnlyForDeploymentPostprocessing = 0;
			shellPath = /bin/sh;
			shellScript = "\"${PODS_ROOT}/Target Support Files/Pods-NewsApp/Pods-NewsApp-frameworks.sh\"\n";
			showEnvVarsInLog = 0;
		};
		C1617411B059E10ACC8DBA84 /* [CP] Check Pods Manifest.lock */ = {
			isa = PBXShellScriptBuildPhase;
			buildActionMask = 2147483647;
			files = (
			);
			inputFileListPaths = (
			);
			inputPaths = (
				"${PODS_PODFILE_DIR_PATH}/Podfile.lock",
				"${PODS_ROOT}/Manifest.lock",
			);
			name = "[CP] Check Pods Manifest.lock";
			outputFileListPaths = (
			);
			outputPaths = (
				"$(DERIVED_FILE_DIR)/Pods-NewsApp-checkManifestLockResult.txt",
			);
			runOnlyForDeploymentPostprocessing = 0;
			shellPath = /bin/sh;
			shellScript = "diff \"${PODS_PODFILE_DIR_PATH}/Podfile.lock\" \"${PODS_ROOT}/Manifest.lock\" > /dev/null\nif [ $? != 0 ] ; then\n    # print error to STDERR\n    echo \"error: The sandbox is not in sync with the Podfile.lock. Run 'pod install' or update your CocoaPods installation.\" >&2\n    exit 1\nfi\n# This output is used by Xcode 'outputs' to avoid re-running this script phase.\necho \"SUCCESS\" > \"${SCRIPT_OUTPUT_FILE_0}\"\n";
			showEnvVarsInLog = 0;
		};
/* End PBXShellScriptBuildPhase section */

/* Begin PBXSourcesBuildPhase section */
		D3039949244557D000F23F9A /* Sources */ = {
			isa = PBXSourcesBuildPhase;
			buildActionMask = 2147483647;
			files = (
				D30399652445673900F23F9A /* ArticleCell.swift in Sources */,
				D303996724456B8100F23F9A /* ArticleNewsViewController.swift in Sources */,
				D30399852446D47B00F23F9A /* CategoryNewsViewController.swift in Sources */,
				D303996924456C4000F23F9A /* Article.swift in Sources */,
				D303997A2446B1C000F23F9A /* SourceCell.swift in Sources */,
				D3039951244557D000F23F9A /* AppDelegate.swift in Sources */,
				D30399802446BA7C00F23F9A /* Source.swift in Sources */,
				D303996D2445B1AD00F23F9A /* WebArticleViewController.swift in Sources */,
				D303997D2446B48900F23F9A /* SourceNewsViewController.swift in Sources */,
				D3039953244557D000F23F9A /* SceneDelegate.swift in Sources */,
				D36D62872446E57D001D3EFF /* Category.swift in Sources */,
				D37FF02E244703010000E018 /* CategoryCell.swift in Sources */,
			);
			runOnlyForDeploymentPostprocessing = 0;
		};
/* End PBXSourcesBuildPhase section */

/* Begin PBXVariantGroup section */
		D3039956244557D000F23F9A /* Main.storyboard */ = {
			isa = PBXVariantGroup;
			children = (
				D3039957244557D000F23F9A /* Base */,
			);
			name = Main.storyboard;
			sourceTree = "<group>";
		};
		D303995B244557D200F23F9A /* LaunchScreen.storyboard */ = {
			isa = PBXVariantGroup;
			children = (
				D303995C244557D200F23F9A /* Base */,
			);
			name = LaunchScreen.storyboard;
			sourceTree = "<group>";
		};
/* End PBXVariantGroup section */

/* Begin XCBuildConfiguration section */
		D303995F244557D200F23F9A /* Debug */ = {
			isa = XCBuildConfiguration;
			buildSettings = {
				ALWAYS_SEARCH_USER_PATHS = NO;
				CLANG_ANALYZER_NONNULL = YES;
				CLANG_ANALYZER_NUMBER_OBJECT_CONVERSION = YES_AGGRESSIVE;
				CLANG_CXX_LANGUAGE_STANDARD = "gnu++14";
				CLANG_CXX_LIBRARY = "libc++";
				CLANG_ENABLE_MODULES = YES;
				CLANG_ENABLE_OBJC_ARC = YES;
				CLANG_ENABLE_OBJC_WEAK = YES;
				CLANG_WARN_BLOCK_CAPTURE_AUTORELEASING = YES;
				CLANG_WARN_BOOL_CONVERSION = YES;
				CLANG_WARN_COMMA = YES;
				CLANG_WARN_CONSTANT_CONVERSION = YES;
				CLANG_WARN_DEPRECATED_OBJC_IMPLEMENTATIONS = YES;
				CLANG_WARN_DIRECT_OBJC_ISA_USAGE = YES_ERROR;
				CLANG_WARN_DOCUMENTATION_COMMENTS = YES;
				CLANG_WARN_EMPTY_BODY = YES;
				CLANG_WARN_ENUM_CONVERSION = YES;
				CLANG_WARN_INFINITE_RECURSION = YES;
				CLANG_WARN_INT_CONVERSION = YES;
				CLANG_WARN_NON_LITERAL_NULL_CONVERSION = YES;
				CLANG_WARN_OBJC_IMPLICIT_RETAIN_SELF = YES;
				CLANG_WARN_OBJC_LITERAL_CONVERSION = YES;
				CLANG_WARN_OBJC_ROOT_CLASS = YES_ERROR;
				CLANG_WARN_RANGE_LOOP_ANALYSIS = YES;
				CLANG_WARN_STRICT_PROTOTYPES = YES;
				CLANG_WARN_SUSPICIOUS_MOVE = YES;
				CLANG_WARN_UNGUARDED_AVAILABILITY = YES_AGGRESSIVE;
				CLANG_WARN_UNREACHABLE_CODE = YES;
				CLANG_WARN__DUPLICATE_METHOD_MATCH = YES;
				COPY_PHASE_STRIP = NO;
				DEBUG_INFORMATION_FORMAT = dwarf;
				ENABLE_STRICT_OBJC_MSGSEND = YES;
				ENABLE_TESTABILITY = YES;
				GCC_C_LANGUAGE_STANDARD = gnu11;
				GCC_DYNAMIC_NO_PIC = NO;
				GCC_NO_COMMON_BLOCKS = YES;
				GCC_OPTIMIZATION_LEVEL = 0;
				GCC_PREPROCESSOR_DEFINITIONS = (
					"DEBUG=1",
					"$(inherited)",
				);
				GCC_WARN_64_TO_32_BIT_CONVERSION = YES;
				GCC_WARN_ABOUT_RETURN_TYPE = YES_ERROR;
				GCC_WARN_UNDECLARED_SELECTOR = YES;
				GCC_WARN_UNINITIALIZED_AUTOS = YES_AGGRESSIVE;
				GCC_WARN_UNUSED_FUNCTION = YES;
				GCC_WARN_UNUSED_VARIABLE = YES;
				IPHONEOS_DEPLOYMENT_TARGET = 13.4;
				MTL_ENABLE_DEBUG_INFO = INCLUDE_SOURCE;
				MTL_FAST_MATH = YES;
				ONLY_ACTIVE_ARCH = YES;
				SDKROOT = iphoneos;
				SWIFT_ACTIVE_COMPILATION_CONDITIONS = DEBUG;
				SWIFT_OPTIMIZATION_LEVEL = "-Onone";
			};
			name = Debug;
		};
		D3039960244557D200F23F9A /* Release */ = {
			isa = XCBuildConfiguration;
			buildSettings = {
				ALWAYS_SEARCH_USER_PATHS = NO;
				CLANG_ANALYZER_NONNULL = YES;
				CLANG_ANALYZER_NUMBER_OBJECT_CONVERSION = YES_AGGRESSIVE;
				CLANG_CXX_LANGUAGE_STANDARD = "gnu++14";
				CLANG_CXX_LIBRARY = "libc++";
				CLANG_ENABLE_MODULES = YES;
				CLANG_ENABLE_OBJC_ARC = YES;
				CLANG_ENABLE_OBJC_WEAK = YES;
				CLANG_WARN_BLOCK_CAPTURE_AUTORELEASING = YES;
				CLANG_WARN_BOOL_CONVERSION = YES;
				CLANG_WARN_COMMA = YES;
				CLANG_WARN_CONSTANT_CONVERSION = YES;
				CLANG_WARN_DEPRECATED_OBJC_IMPLEMENTATIONS = YES;
				CLANG_WARN_DIRECT_OBJC_ISA_USAGE = YES_ERROR;
				CLANG_WARN_DOCUMENTATION_COMMENTS = YES;
				CLANG_WARN_EMPTY_BODY = YES;
				CLANG_WARN_ENUM_CONVERSION = YES;
				CLANG_WARN_INFINITE_RECURSION = YES;
				CLANG_WARN_INT_CONVERSION = YES;
				CLANG_WARN_NON_LITERAL_NULL_CONVERSION = YES;
				CLANG_WARN_OBJC_IMPLICIT_RETAIN_SELF = YES;
				CLANG_WARN_OBJC_LITERAL_CONVERSION = YES;
				CLANG_WARN_OBJC_ROOT_CLASS = YES_ERROR;
				CLANG_WARN_RANGE_LOOP_ANALYSIS = YES;
				CLANG_WARN_STRICT_PROTOTYPES = YES;
				CLANG_WARN_SUSPICIOUS_MOVE = YES;
				CLANG_WARN_UNGUARDED_AVAILABILITY = YES_AGGRESSIVE;
				CLANG_WARN_UNREACHABLE_CODE = YES;
				CLANG_WARN__DUPLICATE_METHOD_MATCH = YES;
				COPY_PHASE_STRIP = NO;
				DEBUG_INFORMATION_FORMAT = "dwarf-with-dsym";
				ENABLE_NS_ASSERTIONS = NO;
				ENABLE_STRICT_OBJC_MSGSEND = YES;
				GCC_C_LANGUAGE_STANDARD = gnu11;
				GCC_NO_COMMON_BLOCKS = YES;
				GCC_WARN_64_TO_32_BIT_CONVERSION = YES;
				GCC_WARN_ABOUT_RETURN_TYPE = YES_ERROR;
				GCC_WARN_UNDECLARED_SELECTOR = YES;
				GCC_WARN_UNINITIALIZED_AUTOS = YES_AGGRESSIVE;
				GCC_WARN_UNUSED_FUNCTION = YES;
				GCC_WARN_UNUSED_VARIABLE = YES;
				IPHONEOS_DEPLOYMENT_TARGET = 13.4;
				MTL_ENABLE_DEBUG_INFO = NO;
				MTL_FAST_MATH = YES;
				SDKROOT = iphoneos;
				SWIFT_COMPILATION_MODE = wholemodule;
				SWIFT_OPTIMIZATION_LEVEL = "-O";
				VALIDATE_PRODUCT = YES;
			};
			name = Release;
		};
		D3039962244557D200F23F9A /* Debug */ = {
			isa = XCBuildConfiguration;
			baseConfigurationReference = 34DFAB580732816E4D34A414 /* Pods-NewsApp.debug.xcconfig */;
			buildSettings = {
				ASSETCATALOG_COMPILER_APPICON_NAME = AppIcon;
				CODE_SIGN_STYLE = Automatic;
				DEVELOPMENT_TEAM = F63VRNN393;
				INFOPLIST_FILE = NewsApp/Info.plist;
				IPHONEOS_DEPLOYMENT_TARGET = 13.1;
				LD_RUNPATH_SEARCH_PATHS = (
					"$(inherited)",
					"@executable_path/Frameworks",
				);
				PRODUCT_BUNDLE_IDENTIFIER = com.geyogabase.NewsApp;
				PRODUCT_NAME = "$(TARGET_NAME)";
				SWIFT_VERSION = 5.0;
				TARGETED_DEVICE_FAMILY = "1,2";
			};
			name = Debug;
		};
		D3039963244557D200F23F9A /* Release */ = {
			isa = XCBuildConfiguration;
			baseConfigurationReference = A3561FF8C2481440E0E76C80 /* Pods-NewsApp.release.xcconfig */;
			buildSettings = {
				ASSETCATALOG_COMPILER_APPICON_NAME = AppIcon;
				CODE_SIGN_STYLE = Automatic;
				DEVELOPMENT_TEAM = F63VRNN393;
				INFOPLIST_FILE = NewsApp/Info.plist;
				IPHONEOS_DEPLOYMENT_TARGET = 13.1;
				LD_RUNPATH_SEARCH_PATHS = (
					"$(inherited)",
					"@executable_path/Frameworks",
				);
				PRODUCT_BUNDLE_IDENTIFIER = com.geyogabase.NewsApp;
				PRODUCT_NAME = "$(TARGET_NAME)";
				SWIFT_VERSION = 5.0;
				TARGETED_DEVICE_FAMILY = "1,2";
			};
			name = Release;
		};
/* End XCBuildConfiguration section */

/* Begin XCConfigurationList section */
		D3039948244557D000F23F9A /* Build configuration list for PBXProject "NewsApp" */ = {
			isa = XCConfigurationList;
			buildConfigurations = (
				D303995F244557D200F23F9A /* Debug */,
				D3039960244557D200F23F9A /* Release */,
			);
			defaultConfigurationIsVisible = 0;
			defaultConfigurationName = Release;
		};
		D3039961244557D200F23F9A /* Build configuration list for PBXNativeTarget "NewsApp" */ = {
			isa = XCConfigurationList;
			buildConfigurations = (
				D3039962244557D200F23F9A /* Debug */,
				D3039963244557D200F23F9A /* Release */,
			);
			defaultConfigurationIsVisible = 0;
			defaultConfigurationName = Release;
		};
/* End XCConfigurationList section */
	};
	rootObject = D3039945244557D000F23F9A /* Project object */;
}
